
Microsoft Visual Studio Solution File, Format Version 12.00
# Visual Studio Version 17
VisualStudioVersion = 17.6.33815.320
MinimumVisualStudioVersion = 10.0.40219.1
Project("{9A19103F-16F7-4668-BE54-9A1E7A4F7556}") = "Shop.GermanBilliard.Domain", "Shop.GermanBilliard.Domain\Shop.GermanBilliard.Domain.csproj", "{FE235FC5-998C-4548-B0BC-96273A9BDA4A}"
EndProject
Project("{9A19103F-16F7-4668-BE54-9A1E7A4F7556}") = "Shop.GermanBilliard.Application", "Shop.GermanBilliard.Application\Shop.GermanBilliard.Application.csproj", "{00700799-8BB3-4CA9-BC30-3E44574C921F}"
EndProject
Project("{9A19103F-16F7-4668-BE54-9A1E7A4F7556}") = "Shop.GermanBilliard.Infrastructure", "Shop.GermanBilliard.Infrastructure\Shop.GermanBilliard.Infrastructure.csproj", "{B806D445-7F4A-4B9F-9B25-0A87FE002C54}"
EndProject
Project("{9A19103F-16F7-4668-BE54-9A1E7A4F7556}") = "Shop.GermanBilliard.API", "Shop.GermanBilliard.API\Shop.GermanBilliard.API.csproj", "{D6EEEDF7-6D87-4879-8A89-7AECFF996A27}"
EndProject
Project("{FAE04EC0-301F-11D3-BF4B-00C04F79EFBC}") = "Shop.GermanBilliard.Identity", "Shop.GermanBilliard.Identity\Shop.GermanBilliard.Identity.csproj", "{6CC96CFB-3305-41FC-BE98-0F76ED852CBF}"
EndProject
Global
	GlobalSection(SolutionConfigurationPlatforms) = preSolution
		Debug|Any CPU = Debug|Any CPU
		Release|Any CPU = Release|Any CPU
	EndGlobalSection
	GlobalSection(ProjectConfigurationPlatforms) = postSolution
		{FE235FC5-998C-4548-B0BC-96273A9BDA4A}.Debug|Any CPU.ActiveCfg = Debug|Any CPU
		{FE235FC5-998C-4548-B0BC-96273A9BDA4A}.Debug|Any CPU.Build.0 = Debug|Any CPU
		{FE235FC5-998C-4548-B0BC-96273A9BDA4A}.Release|Any CPU.ActiveCfg = Release|Any CPU
		{FE235FC5-998C-4548-B0BC-96273A9BDA4A}.Release|Any CPU.Build.0 = Release|Any CPU
		{00700799-8BB3-4CA9-BC30-3E44574C921F}.Debug|Any CPU.ActiveCfg = Debug|Any CPU
		{00700799-8BB3-4CA9-BC30-3E44574C921F}.Debug|Any CPU.Build.0 = Debug|Any CPU
		{00700799-8BB3-4CA9-BC30-3E44574C921F}.Release|Any CPU.ActiveCfg = Release|Any CPU
		{00700799-8BB3-4CA9-BC30-3E44574C921F}.Release|Any CPU.Build.0 = Release|Any CPU
		{B806D445-7F4A-4B9F-9B25-0A87FE002C54}.Debug|Any CPU.ActiveCfg = Debug|Any CPU
		{B806D445-7F4A-4B9F-9B25-0A87FE002C54}.Debug|Any CPU.Build.0 = Debug|Any CPU
		{B806D445-7F4A-4B9F-9B25-0A87FE002C54}.Release|Any CPU.ActiveCfg = Release|Any CPU
		{B806D445-7F4A-4B9F-9B25-0A87FE002C54}.Release|Any CPU.Build.0 = Release|Any CPU
		{D6EEEDF7-6D87-4879-8A89-7AECFF996A27}.Debug|Any CPU.ActiveCfg = Debug|Any CPU
		{D6EEEDF7-6D87-4879-8A89-7AECFF996A27}.Debug|Any CPU.Build.0 = Debug|Any CPU
		{D6EEEDF7-6D87-4879-8A89-7AECFF996A27}.Release|Any CPU.ActiveCfg = Release|Any CPU
		{D6EEEDF7-6D87-4879-8A89-7AECFF996A27}.Release|Any CPU.Build.0 = Release|Any CPU
		{6CC96CFB-3305-41FC-BE98-0F76ED852CBF}.Debug|Any CPU.ActiveCfg = Debug|Any CPU
		{6CC96CFB-3305-41FC-BE98-0F76ED852CBF}.Debug|Any CPU.Build.0 = Debug|Any CPU
		{6CC96CFB-3305-41FC-BE98-0F76ED852CBF}.Release|Any CPU.ActiveCfg = Release|Any CPU
		{6CC96CFB-3305-41FC-BE98-0F76ED852CBF}.Release|Any CPU.Build.0 = Release|Any CPU
	EndGlobalSection
	GlobalSection(SolutionProperties) = preSolution
		HideSolutionNode = FALSE
	EndGlobalSection
	GlobalSection(ExtensibilityGlobals) = postSolution
		SolutionGuid = {1FDE98F6-7350-4822-A53E-DE152090CDBA}
	EndGlobalSection
EndGlobal
